// !$*UTF8*$!
{
	archiveVersion = 1;
	classes = {
	};
	objectVersion = 50;
	objects = {

/* Begin PBXBuildFile section */
		283047A522311EE200E5BCC5 /* Todo.swift in Sources */ = {isa = PBXBuildFile; fileRef = 283047A422311EE200E5BCC5 /* Todo.swift */; };
		283047A722311EFD00E5BCC5 /* Post.swift in Sources */ = {isa = PBXBuildFile; fileRef = 283047A622311EFD00E5BCC5 /* Post.swift */; };
		2893CA4E2227E6290031C42D /* AppDelegate.swift in Sources */ = {isa = PBXBuildFile; fileRef = 2893CA4D2227E6290031C42D /* AppDelegate.swift */; };
		2893CA502227E6290031C42D /* ViewController.swift in Sources */ = {isa = PBXBuildFile; fileRef = 2893CA4F2227E6290031C42D /* ViewController.swift */; };
		2893CA532227E6290031C42D /* Main.storyboard in Resources */ = {isa = PBXBuildFile; fileRef = 2893CA512227E6290031C42D /* Main.storyboard */; };
		2893CA552227E62F0031C42D /* Assets.xcassets in Resources */ = {isa = PBXBuildFile; fileRef = 2893CA542227E62F0031C42D /* Assets.xcassets */; };
		2893CA582227E62F0031C42D /* LaunchScreen.storyboard in Resources */ = {isa = PBXBuildFile; fileRef = 2893CA562227E62F0031C42D /* LaunchScreen.storyboard */; };
		61C5576C223CFBA80052466D /* LocalNotificationHelper.swift in Sources */ = {isa = PBXBuildFile; fileRef = 61C5576B223CFBA80052466D /* LocalNotificationHelper.swift */; };
		61C5576E223D31870052466D /* WebRequestHelper.swift in Sources */ = {isa = PBXBuildFile; fileRef = 61C5576D223D31870052466D /* WebRequestHelper.swift */; };
/* End PBXBuildFile section */

/* Begin PBXFileReference section */
		283047A422311EE200E5BCC5 /* Todo.swift */ = {isa = PBXFileReference; lastKnownFileType = sourcecode.swift; path = Todo.swift; sourceTree = "<group>"; };
		283047A622311EFD00E5BCC5 /* Post.swift */ = {isa = PBXFileReference; lastKnownFileType = sourcecode.swift; path = Post.swift; sourceTree = "<group>"; };
		2893CA4A2227E6280031C42D /* Todolo.app */ = {isa = PBXFileReference; explicitFileType = wrapper.application; includeInIndex = 0; path = Todolo.app; sourceTree = BUILT_PRODUCTS_DIR; };
		2893CA4D2227E6290031C42D /* AppDelegate.swift */ = {isa = PBXFileReference; lastKnownFileType = sourcecode.swift; path = AppDelegate.swift; sourceTree = "<group>"; };
		2893CA4F2227E6290031C42D /* ViewController.swift */ = {isa = PBXFileReference; lastKnownFileType = sourcecode.swift; path = ViewController.swift; sourceTree = "<group>"; };
		2893CA522227E6290031C42D /* Base */ = {isa = PBXFileReference; lastKnownFileType = file.storyboard; name = Base; path = Base.lproj/Main.storyboard; sourceTree = "<group>"; };
		2893CA542227E62F0031C42D /* Assets.xcassets */ = {isa = PBXFileReference; lastKnownFileType = folder.assetcatalog; path = Assets.xcassets; sourceTree = "<group>"; };
		2893CA572227E62F0031C42D /* Base */ = {isa = PBXFileReference; lastKnownFileType = file.storyboard; name = Base; path = Base.lproj/LaunchScreen.storyboard; sourceTree = "<group>"; };
		2893CA592227E62F0031C42D /* Info.plist */ = {isa = PBXFileReference; lastKnownFileType = text.plist.xml; path = Info.plist; sourceTree = "<group>"; };
		61C5576B223CFBA80052466D /* LocalNotificationHelper.swift */ = {isa = PBXFileReference; lastKnownFileType = sourcecode.swift; path = LocalNotificationHelper.swift; sourceTree = "<group>"; };
		61C5576D223D31870052466D /* WebRequestHelper.swift */ = {isa = PBXFileReference; lastKnownFileType = sourcecode.swift; path = WebRequestHelper.swift; sourceTree = "<group>"; };
/* End PBXFileReference section */

/* Begin PBXFrameworksBuildPhase section */
		2893CA472227E6280031C42D /* Frameworks */ = {
			isa = PBXFrameworksBuildPhase;
			buildActionMask = 2147483647;
			files = (
			);
			runOnlyForDeploymentPostprocessing = 0;
		};
/* End PBXFrameworksBuildPhase section */

/* Begin PBXGroup section */
		2893CA412227E6280031C42D = {
			isa = PBXGroup;
			children = (
				2893CA4C2227E6280031C42D /* Todolo */,
				2893CA4B2227E6280031C42D /* Products */,
			);
			sourceTree = "<group>";
		};
		2893CA4B2227E6280031C42D /* Products */ = {
			isa = PBXGroup;
			children = (
				2893CA4A2227E6280031C42D /* Todolo.app */,
			);
			name = Products;
			sourceTree = "<group>";
		};
		2893CA4C2227E6280031C42D /* Todolo */ = {
			isa = PBXGroup;
			children = (
				2893CA4D2227E6290031C42D /* AppDelegate.swift */,
				2893CA542227E62F0031C42D /* Assets.xcassets */,
				61C5576F223D32360052466D /* Helpers */,
				2893CA592227E62F0031C42D /* Info.plist */,
				2893CA562227E62F0031C42D /* LaunchScreen.storyboard */,
				2893CA512227E6290031C42D /* Main.storyboard */,
				283047A622311EFD00E5BCC5 /* Post.swift */,
				283047A422311EE200E5BCC5 /* Todo.swift */,
				2893CA4F2227E6290031C42D /* ViewController.swift */,
			);
			path = Todolo;
			sourceTree = "<group>";
		};
		61C5576F223D32360052466D /* Helpers */ = {
			isa = PBXGroup;
			children = (
				61C5576B223CFBA80052466D /* LocalNotificationHelper.swift */,
				61C5576D223D31870052466D /* WebRequestHelper.swift */,
			);
			path = Helpers;
			sourceTree = "<group>";
		};
/* End PBXGroup section */

/* Begin PBXNativeTarget section */
		2893CA492227E6280031C42D /* Todolo */ = {
			isa = PBXNativeTarget;
			buildConfigurationList = 2893CA5C2227E62F0031C42D /* Build configuration list for PBXNativeTarget "Todolo" */;
			buildPhases = (
				2893CA462227E6280031C42D /* Sources */,
				2893CA472227E6280031C42D /* Frameworks */,
				2893CA482227E6280031C42D /* Resources */,
			);
			buildRules = (
			);
			dependencies = (
			);
			name = Todolo;
			productName = EnkelSwift;
			productReference = 2893CA4A2227E6280031C42D /* Todolo.app */;
			productType = "com.apple.product-type.application";
		};
/* End PBXNativeTarget section */

/* Begin PBXProject section */
		2893CA422227E6280031C42D /* Project object */ = {
			isa = PBXProject;
			attributes = {
				LastSwiftUpdateCheck = 0940;
				LastUpgradeCheck = 0940;
				ORGANIZATIONNAME = "The App Factory AB";
				TargetAttributes = {
					2893CA492227E6280031C42D = {
						CreatedOnToolsVersion = 9.4.1;
					};
				};
			};
			buildConfigurationList = 2893CA452227E6280031C42D /* Build configuration list for PBXProject "Todolo" */;
			compatibilityVersion = "Xcode 9.3";
			developmentRegion = en;
			hasScannedForEncodings = 0;
			knownRegions = (
				en,
				Base,
			);
			mainGroup = 2893CA412227E6280031C42D;
			productRefGroup = 2893CA4B2227E6280031C42D /* Products */;
			projectDirPath = "";
			projectRoot = "";
			targets = (
				2893CA492227E6280031C42D /* Todolo */,
			);
		};
/* End PBXProject section */

/* Begin PBXResourcesBuildPhase section */
		2893CA482227E6280031C42D /* Resources */ = {
			isa = PBXResourcesBuildPhase;
			buildActionMask = 2147483647;
			files = (
				2893CA582227E62F0031C42D /* LaunchScreen.storyboard in Resources */,
				2893CA552227E62F0031C42D /* Assets.xcassets in Resources */,
				2893CA532227E6290031C42D /* Main.storyboard in Resources */,
			);
			runOnlyForDeploymentPostprocessing = 0;
		};
/* End PBXResourcesBuildPhase section */

/* Begin PBXSourcesBuildPhase section */
		2893CA462227E6280031C42D /* Sources */ = {
			isa = PBXSourcesBuildPhase;
			buildActionMask = 2147483647;
			files = (
				2893CA502227E6290031C42D /* ViewController.swift in Sources */,
				283047A522311EE200E5BCC5 /* Todo.swift in Sources */,
				61C5576E223D31870052466D /* WebRequestHelper.swift in Sources */,
				2893CA4E2227E6290031C42D /* AppDelegate.swift in Sources */,
				283047A722311EFD00E5BCC5 /* Post.swift in Sources */,
				61C5576C223CFBA80052466D /* LocalNotificationHelper.swift in Sources */,
			);
			runOnlyForDeploymentPostprocessing = 0;
		};
/* End PBXSourcesBuildPhase section */

/* Begin PBXVariantGroup section */
		2893CA512227E6290031C42D /* Main.storyboard */ = {
			isa = PBXVariantGroup;
			children = (
				2893CA522227E6290031C42D /* Base */,
			);
			name = Main.storyboard;
			sourceTree = "<group>";
		};
		2893CA562227E62F0031C42D /* LaunchScreen.storyboard */ = {
			isa = PBXVariantGroup;
			children = (
				2893CA572227E62F0031C42D /* Base */,
			);
			name = LaunchScreen.storyboard;
			sourceTree = "<group>";
		};
/* End PBXVariantGroup section */

/* Begin XCBuildConfiguration section */
		2893CA5A2227E62F0031C42D /* Debug */ = {
			isa = XCBuildConfiguration;
			buildSettings = {
				ALWAYS_SEARCH_USER_PATHS = NO;
				CLANG_ANALYZER_NONNULL = YES;
				CLANG_ANALYZER_NUMBER_OBJECT_CONVERSION = YES_AGGRESSIVE;
				CLANG_CXX_LANGUAGE_STANDARD = "gnu++14";
				CLANG_CXX_LIBRARY = "libc++";
				CLANG_ENABLE_MODULES = YES;
				CLANG_ENABLE_OBJC_ARC = YES;
				CLANG_ENABLE_OBJC_WEAK = YES;
				CLANG_WARN_BLOCK_CAPTURE_AUTORELEASING = YES;
				CLANG_WARN_BOOL_CONVERSION = YES;
				CLANG_WARN_COMMA = YES;
				CLANG_WARN_CONSTANT_CONVERSION = YES;
				CLANG_WARN_DEPRECATED_OBJC_IMPLEMENTATIONS = YES;
				CLANG_WARN_DIRECT_OBJC_ISA_USAGE = YES_ERROR;
				CLANG_WARN_DOCUMENTATION_COMMENTS = YES;
				CLANG_WARN_EMPTY_BODY = YES;
				CLANG_WARN_ENUM_CONVERSION = YES;
				CLANG_WARN_INFINITE_RECURSION = YES;
				CLANG_WARN_INT_CONVERSION = YES;
				CLANG_WARN_NON_LITERAL_NULL_CONVERSION = YES;
				CLANG_WARN_OBJC_IMPLICIT_RETAIN_SELF = YES;
				CLANG_WARN_OBJC_LITERAL_CONVERSION = YES;
				CLANG_WARN_OBJC_ROOT_CLASS = YES_ERROR;
				CLANG_WARN_RANGE_LOOP_ANALYSIS = YES;
				CLANG_WARN_STRICT_PROTOTYPES = YES;
				CLANG_WARN_SUSPICIOUS_MOVE = YES;
				CLANG_WARN_UNGUARDED_AVAILABILITY = YES_AGGRESSIVE;
				CLANG_WARN_UNREACHABLE_CODE = YES;
				CLANG_WARN__DUPLICATE_METHOD_MATCH = YES;
				CODE_SIGN_IDENTITY = "iPhone Developer";
				COPY_PHASE_STRIP = NO;
				DEBUG_INFORMATION_FORMAT = dwarf;
				ENABLE_STRICT_OBJC_MSGSEND = YES;
				ENABLE_TESTABILITY = YES;
				GCC_C_LANGUAGE_STANDARD = gnu11;
				GCC_DYNAMIC_NO_PIC = NO;
				GCC_NO_COMMON_BLOCKS = YES;
				GCC_OPTIMIZATION_LEVEL = 0;
				GCC_PREPROCESSOR_DEFINITIONS = (
					"DEBUG=1",
					"$(inherited)",
				);
				GCC_WARN_64_TO_32_BIT_CONVERSION = YES;
				GCC_WARN_ABOUT_RETURN_TYPE = YES_ERROR;
				GCC_WARN_UNDECLARED_SELECTOR = YES;
				GCC_WARN_UNINITIALIZED_AUTOS = YES_AGGRESSIVE;
				GCC_WARN_UNUSED_FUNCTION = YES;
				GCC_WARN_UNUSED_VARIABLE = YES;
				IPHONEOS_DEPLOYMENT_TARGET = 11.4;
				MTL_ENABLE_DEBUG_INFO = YES;
				ONLY_ACTIVE_ARCH = YES;
				SDKROOT = iphoneos;
				SWIFT_ACTIVE_COMPILATION_CONDITIONS = DEBUG;
				SWIFT_OPTIMIZATION_LEVEL = "-Onone";
			};
			name = Debug;
		};
		2893CA5B2227E62F0031C42D /* Release */ = {
			isa = XCBuildConfiguration;
			buildSettings = {
				ALWAYS_SEARCH_USER_PATHS = NO;
				CLANG_ANALYZER_NONNULL = YES;
				CLANG_ANALYZER_NUMBER_OBJECT_CONVERSION = YES_AGGRESSIVE;
				CLANG_CXX_LANGUAGE_STANDARD = "gnu++14";
				CLANG_CXX_LIBRARY = "libc++";
				CLANG_ENABLE_MODULES = YES;
				CLANG_ENABLE_OBJC_ARC = YES;
				CLANG_ENABLE_OBJC_WEAK = YES;
				CLANG_WARN_BLOCK_CAPTURE_AUTORELEASING = YES;
				CLANG_WARN_BOOL_CONVERSION = YES;
				CLANG_WARN_COMMA = YES;
				CLANG_WARN_CONSTANT_CONVERSION = YES;
				CLANG_WARN_DEPRECATED_OBJC_IMPLEMENTATIONS = YES;
				CLANG_WARN_DIRECT_OBJC_ISA_USAGE = YES_ERROR;
				CLANG_WARN_DOCUMENTATION_COMMENTS = YES;
				CLANG_WARN_EMPTY_BODY = YES;
				CLANG_WARN_ENUM_CONVERSION = YES;
				CLANG_WARN_INFINITE_RECURSION = YES;
				CLANG_WARN_INT_CONVERSION = YES;
				CLANG_WARN_NON_LITERAL_NULL_CONVERSION = YES;
				CLANG_WARN_OBJC_IMPLICIT_RETAIN_SELF = YES;
				CLANG_WARN_OBJC_LITERAL_CONVERSION = YES;
				CLANG_WARN_OBJC_ROOT_CLASS = YES_ERROR;
				CLANG_WARN_RANGE_LOOP_ANALYSIS = YES;
				CLANG_WARN_STRICT_PROTOTYPES = YES;
				CLANG_WARN_SUSPICIOUS_MOVE = YES;
				CLANG_WARN_UNGUARDED_AVAILABILITY = YES_AGGRESSIVE;
				CLANG_WARN_UNREACHABLE_CODE = YES;
				CLANG_WARN__DUPLICATE_METHOD_MATCH = YES;
				CODE_SIGN_IDENTITY = "iPhone Developer";
				COPY_PHASE_STRIP = NO;
				DEBUG_INFORMATION_FORMAT = "dwarf-with-dsym";
				ENABLE_NS_ASSERTIONS = NO;
				ENABLE_STRICT_OBJC_MSGSEND = YES;
				GCC_C_LANGUAGE_STANDARD = gnu11;
				GCC_NO_COMMON_BLOCKS = YES;
				GCC_WARN_64_TO_32_BIT_CONVERSION = YES;
				GCC_WARN_ABOUT_RETURN_TYPE = YES_ERROR;
				GCC_WARN_UNDECLARED_SELECTOR = YES;
				GCC_WARN_UNINITIALIZED_AUTOS = YES_AGGRESSIVE;
				GCC_WARN_UNUSED_FUNCTION = YES;
				GCC_WARN_UNUSED_VARIABLE = YES;
				IPHONEOS_DEPLOYMENT_TARGET = 11.4;
				MTL_ENABLE_DEBUG_INFO = NO;
				SDKROOT = iphoneos;
				SWIFT_COMPILATION_MODE = wholemodule;
				SWIFT_OPTIMIZATION_LEVEL = "-O";
				VALIDATE_PRODUCT = YES;
			};
			name = Release;
		};
		2893CA5D2227E62F0031C42D /* Debug */ = {
			isa = XCBuildConfiguration;
			buildSettings = {
				ALWAYS_EMBED_SWIFT_STANDARD_LIBRARIES = YES;
				ASSETCATALOG_COMPILER_APPICON_NAME = AppIcon;
				CODE_SIGN_STYLE = Automatic;
				DEVELOPMENT_TEAM = 7NDP9NC3QR;
				INFOPLIST_FILE = "$(SRCROOT)/Todolo/Info.plist";
				LD_RUNPATH_SEARCH_PATHS = (
					"$(inherited)",
					"@executable_path/Frameworks",
				);
				PRODUCT_BUNDLE_IDENTIFIER = se.theappfactory.Todolo;
				PRODUCT_NAME = "$(TARGET_NAME)";
				SWIFT_VERSION = 4.0;
				TARGETED_DEVICE_FAMILY = "1,2";
			};
			name = Debug;
		};
		2893CA5E2227E62F0031C42D /* Release */ = {
			isa = XCBuildConfiguration;
			buildSettings = {
				ALWAYS_EMBED_SWIFT_STANDARD_LIBRARIES = YES;
				ASSETCATALOG_COMPILER_APPICON_NAME = AppIcon;
				CODE_SIGN_STYLE = Automatic;
				DEVELOPMENT_TEAM = 7NDP9NC3QR;
				INFOPLIST_FILE = "$(SRCROOT)/Todolo/Info.plist";
				LD_RUNPATH_SEARCH_PATHS = (
					"$(inherited)",
					"@executable_path/Frameworks",
				);
				PRODUCT_BUNDLE_IDENTIFIER = se.theappfactory.Todolo;
				PRODUCT_NAME = "$(TARGET_NAME)";
				SWIFT_VERSION = 4.0;
				TARGETED_DEVICE_FAMILY = "1,2";
			};
			name = Release;
		};
/* End XCBuildConfiguration section */

/* Begin XCConfigurationList section */
		2893CA452227E6280031C42D /* Build configuration list for PBXProject "Todolo" */ = {
			isa = XCConfigurationList;
			buildConfigurations = (
				2893CA5A2227E62F0031C42D /* Debug */,
				2893CA5B2227E62F0031C42D /* Release */,
			);
			defaultConfigurationIsVisible = 0;
			defaultConfigurationName = Release;
		};
		2893CA5C2227E62F0031C42D /* Build configuration list for PBXNativeTarget "Todolo" */ = {
			isa = XCConfigurationList;
			buildConfigurations = (
				2893CA5D2227E62F0031C42D /* Debug */,
				2893CA5E2227E62F0031C42D /* Release */,
			);
			defaultConfigurationIsVisible = 0;
			defaultConfigurationName = Release;
		};
/* End XCConfigurationList section */
	};
	rootObject = 2893CA422227E6280031C42D /* Project object */;
}
